// !$*UTF8*$!
{
	archiveVersion = 1;
	classes = {
	};
	objectVersion = 56;
	objects = {

/* Begin PBXBuildFile section */
		23DE51FA2B86568C00B1AA61 /* IOS_WatchSample Watch App.app in Embed Watch Content */ = {isa = PBXBuildFile; fileRef = 23DE51F92B86568C00B1AA61 /* IOS_WatchSample Watch App.app */; settings = {ATTRIBUTES = (RemoveHeadersOnCopy, ); }; };
		23DE51FF2B86568C00B1AA61 /* IOS_WatchSampleApp.swift in Sources */ = {isa = PBXBuildFile; fileRef = 23DE51FE2B86568C00B1AA61 /* IOS_WatchSampleApp.swift */; };
		23DE52012B86568C00B1AA61 /* ContentView.swift in Sources */ = {isa = PBXBuildFile; fileRef = 23DE52002B86568C00B1AA61 /* ContentView.swift */; };
		23DE52032B86568D00B1AA61 /* Assets.xcassets in Resources */ = {isa = PBXBuildFile; fileRef = 23DE52022B86568D00B1AA61 /* Assets.xcassets */; };
		23DE52062B86568D00B1AA61 /* Preview Assets.xcassets in Resources */ = {isa = PBXBuildFile; fileRef = 23DE52052B86568D00B1AA61 /* Preview Assets.xcassets */; };
/* End PBXBuildFile section */

/* Begin PBXContainerItemProxy section */
		23DE51FB2B86568C00B1AA61 /* PBXContainerItemProxy */ = {
			isa = PBXContainerItemProxy;
			containerPortal = 23DE51ED2B86568C00B1AA61 /* Project object */;
			proxyType = 1;
			remoteGlobalIDString = 23DE51F82B86568C00B1AA61;
			remoteInfo = "IOS_WatchSample Watch App";
		};
/* End PBXContainerItemProxy section */

/* Begin PBXCopyFilesBuildPhase section */
		23DE520C2B86568D00B1AA61 /* Embed Watch Content */ = {
			isa = PBXCopyFilesBuildPhase;
			buildActionMask = 2147483647;
			dstPath = "$(CONTENTS_FOLDER_PATH)/Watch";
			dstSubfolderSpec = 16;
			files = (
				23DE51FA2B86568C00B1AA61 /* IOS_WatchSample Watch App.app in Embed Watch Content */,
			);
			name = "Embed Watch Content";
			runOnlyForDeploymentPostprocessing = 0;
		};
/* End PBXCopyFilesBuildPhase section */

/* Begin PBXFileReference section */
		23DE51F32B86568C00B1AA61 /* IOS_WatchSample.app */ = {isa = PBXFileReference; explicitFileType = wrapper.application; includeInIndex = 0; path = IOS_WatchSample.app; sourceTree = BUILT_PRODUCTS_DIR; };
		23DE51F92B86568C00B1AA61 /* IOS_WatchSample Watch App.app */ = {isa = PBXFileReference; explicitFileType = wrapper.application; includeInIndex = 0; path = "IOS_WatchSample Watch App.app"; sourceTree = BUILT_PRODUCTS_DIR; };
		23DE51FE2B86568C00B1AA61 /* IOS_WatchSampleApp.swift */ = {isa = PBXFileReference; lastKnownFileType = sourcecode.swift; path = IOS_WatchSampleApp.swift; sourceTree = "<group>"; };
		23DE52002B86568C00B1AA61 /* ContentView.swift */ = {isa = PBXFileReference; lastKnownFileType = sourcecode.swift; path = ContentView.swift; sourceTree = "<group>"; };
		23DE52022B86568D00B1AA61 /* Assets.xcassets */ = {isa = PBXFileReference; lastKnownFileType = folder.assetcatalog; path = Assets.xcassets; sourceTree = "<group>"; };
		23DE52052B86568D00B1AA61 /* Preview Assets.xcassets */ = {isa = PBXFileReference; lastKnownFileType = folder.assetcatalog; path = "Preview Assets.xcassets"; sourceTree = "<group>"; };
/* End PBXFileReference section */

/* Begin PBXFrameworksBuildPhase section */
		23DE51F62B86568C00B1AA61 /* Frameworks */ = {
			isa = PBXFrameworksBuildPhase;
			buildActionMask = 2147483647;
			files = (
			);
			runOnlyForDeploymentPostprocessing = 0;
		};
/* End PBXFrameworksBuildPhase section */

/* Begin PBXGroup section */
		23DE51EC2B86568C00B1AA61 = {
			isa = PBXGroup;
			children = (
				23DE51FD2B86568C00B1AA61 /* IOS_WatchSample Watch App */,
				23DE51F42B86568C00B1AA61 /* Products */,
			);
			sourceTree = "<group>";
		};
		23DE51F42B86568C00B1AA61 /* Products */ = {
			isa = PBXGroup;
			children = (
				23DE51F32B86568C00B1AA61 /* IOS_WatchSample.app */,
				23DE51F92B86568C00B1AA61 /* IOS_WatchSample Watch App.app */,
			);
			name = Products;
			sourceTree = "<group>";
		};
		23DE51FD2B86568C00B1AA61 /* IOS_WatchSample Watch App */ = {
			isa = PBXGroup;
			children = (
				23DE51FE2B86568C00B1AA61 /* IOS_WatchSampleApp.swift */,
				23DE52002B86568C00B1AA61 /* ContentView.swift */,
				23DE52022B86568D00B1AA61 /* Assets.xcassets */,
				23DE52042B86568D00B1AA61 /* Preview Content */,
			);
			path = "IOS_WatchSample Watch App";
			sourceTree = "<group>";
		};
		23DE52042B86568D00B1AA61 /* Preview Content */ = {
			isa = PBXGroup;
			children = (
				23DE52052B86568D00B1AA61 /* Preview Assets.xcassets */,
			);
			path = "Preview Content";
			sourceTree = "<group>";
		};
/* End PBXGroup section */

/* Begin PBXNativeTarget section */
		23DE51F22B86568C00B1AA61 /* IOS_WatchSample */ = {
			isa = PBXNativeTarget;
			buildConfigurationList = 23DE520D2B86568D00B1AA61 /* Build configuration list for PBXNativeTarget "IOS_WatchSample" */;
			buildPhases = (
				23DE51F12B86568C00B1AA61 /* Resources */,
				23DE520C2B86568D00B1AA61 /* Embed Watch Content */,
			);
			buildRules = (
			);
			dependencies = (
				23DE51FC2B86568C00B1AA61 /* PBXTargetDependency */,
			);
			name = IOS_WatchSample;
			productName = IOS_WatchSample;
			productReference = 23DE51F32B86568C00B1AA61 /* IOS_WatchSample.app */;
			productType = "com.apple.product-type.application.watchapp2-container";
		};
		23DE51F82B86568C00B1AA61 /* IOS_WatchSample Watch App */ = {
			isa = PBXNativeTarget;
			buildConfigurationList = 23DE52092B86568D00B1AA61 /* Build configuration list for PBXNativeTarget "IOS_WatchSample Watch App" */;
			buildPhases = (
				23DE51F52B86568C00B1AA61 /* Sources */,
				23DE51F62B86568C00B1AA61 /* Frameworks */,
				23DE51F72B86568C00B1AA61 /* Resources */,
			);
			buildRules = (
			);
			dependencies = (
			);
			name = "IOS_WatchSample Watch App";
			productName = "IOS_WatchSample Watch App";
			productReference = 23DE51F92B86568C00B1AA61 /* IOS_WatchSample Watch App.app */;
			productType = "com.apple.product-type.application";
		};
/* End PBXNativeTarget section */

/* Begin PBXProject section */
		23DE51ED2B86568C00B1AA61 /* Project object */ = {
			isa = PBXProject;
			attributes = {
				BuildIndependentTargetsInParallel = 1;
				LastSwiftUpdateCheck = 1510;
				LastUpgradeCheck = 1510;
				TargetAttributes = {
					23DE51F22B86568C00B1AA61 = {
						CreatedOnToolsVersion = 15.1;
					};
					23DE51F82B86568C00B1AA61 = {
						CreatedOnToolsVersion = 15.1;
					};
				};
			};
			buildConfigurationList = 23DE51F02B86568C00B1AA61 /* Build configuration list for PBXProject "IOS_WatchSample" */;
			compatibilityVersion = "Xcode 14.0";
			developmentRegion = en;
			hasScannedForEncodings = 0;
			knownRegions = (
				en,
				Base,
			);
			mainGroup = 23DE51EC2B86568C00B1AA61;
			productRefGroup = 23DE51F42B86568C00B1AA61 /* Products */;
			projectDirPath = "";
			projectRoot = "";
			targets = (
				23DE51F22B86568C00B1AA61 /* IOS_WatchSample */,
				23DE51F82B86568C00B1AA61 /* IOS_WatchSample Watch App */,
			);
		};
/* End PBXProject section */

/* Begin PBXResourcesBuildPhase section */
		23DE51F12B86568C00B1AA61 /* Resources */ = {
			isa = PBXResourcesBuildPhase;
			buildActionMask = 2147483647;
			files = (
			);
			runOnlyForDeploymentPostprocessing = 0;
		};
		23DE51F72B86568C00B1AA61 /* Resources */ = {
			isa = PBXResourcesBuildPhase;
			buildActionMask = 2147483647;
			files = (
				23DE52062B86568D00B1AA61 /* Preview Assets.xcassets in Resources */,
				23DE52032B86568D00B1AA61 /* Assets.xcassets in Resources */,
			);
			runOnlyForDeploymentPostprocessing = 0;
		};
/* End PBXResourcesBuildPhase section */

/* Begin PBXSourcesBuildPhase section */
		23DE51F52B86568C00B1AA61 /* Sources */ = {
			isa = PBXSourcesBuildPhase;
			buildActionMask = 2147483647;
			files = (
				23DE52012B86568C00B1AA61 /* ContentView.swift in Sources */,
				23DE51FF2B86568C00B1AA61 /* IOS_WatchSampleApp.swift in Sources */,
			);
			runOnlyForDeploymentPostprocessing = 0;
		};
/* End PBXSourcesBuildPhase section */

/* Begin PBXTargetDependency section */
		23DE51FC2B86568C00B1AA61 /* PBXTargetDependency */ = {
			isa = PBXTargetDependency;
			target = 23DE51F82B86568C00B1AA61 /* IOS_WatchSample Watch App */;
			targetProxy = 23DE51FB2B86568C00B1AA61 /* PBXContainerItemProxy */;
		};
/* End PBXTargetDependency section */

/* Begin XCBuildConfiguration section */
		23DE52072B86568D00B1AA61 /* Debug */ = {
			isa = XCBuildConfiguration;
			buildSettings = {
				ALWAYS_SEARCH_USER_PATHS = NO;
				ASSETCATALOG_COMPILER_GENERATE_SWIFT_ASSET_SYMBOL_EXTENSIONS = YES;
				CLANG_ANALYZER_NONNULL = YES;
				CLANG_ANALYZER_NUMBER_OBJECT_CONVERSION = YES_AGGRESSIVE;
				CLANG_CXX_LANGUAGE_STANDARD = "gnu++20";
				CLANG_ENABLE_MODULES = YES;
				CLANG_ENABLE_OBJC_ARC = YES;
				CLANG_ENABLE_OBJC_WEAK = YES;
				CLANG_WARN_BLOCK_CAPTURE_AUTORELEASING = YES;
				CLANG_WARN_BOOL_CONVERSION = YES;
				CLANG_WARN_COMMA = YES;
				CLANG_WARN_CONSTANT_CONVERSION = YES;
				CLANG_WARN_DEPRECATED_OBJC_IMPLEMENTATIONS = YES;
				CLANG_WARN_DIRECT_OBJC_ISA_USAGE = YES_ERROR;
				CLANG_WARN_DOCUMENTATION_COMMENTS = YES;
				CLANG_WARN_EMPTY_BODY = YES;
				CLANG_WARN_ENUM_CONVERSION = YES;
				CLANG_WARN_INFINITE_RECURSION = YES;
				CLANG_WARN_INT_CONVERSION = YES;
				CLANG_WARN_NON_LITERAL_NULL_CONVERSION = YES;
				CLANG_WARN_OBJC_IMPLICIT_RETAIN_SELF = YES;
				CLANG_WARN_OBJC_LITERAL_CONVERSION = YES;
				CLANG_WARN_OBJC_ROOT_CLASS = YES_ERROR;
				CLANG_WARN_QUOTED_INCLUDE_IN_FRAMEWORK_HEADER = YES;
				CLANG_WARN_RANGE_LOOP_ANALYSIS = YES;
				CLANG_WARN_STRICT_PROTOTYPES = YES;
				CLANG_WARN_SUSPICIOUS_MOVE = YES;
				CLANG_WARN_UNGUARDED_AVAILABILITY = YES_AGGRESSIVE;
				CLANG_WARN_UNREACHABLE_CODE = YES;
				CLANG_WARN__DUPLICATE_METHOD_MATCH = YES;
				COPY_PHASE_STRIP = NO;
				DEBUG_INFORMATION_FORMAT = dwarf;
				ENABLE_STRICT_OBJC_MSGSEND = YES;
				ENABLE_TESTABILITY = YES;
				ENABLE_USER_SCRIPT_SANDBOXING = YES;
				GCC_C_LANGUAGE_STANDARD = gnu17;
				GCC_DYNAMIC_NO_PIC = NO;
				GCC_NO_COMMON_BLOCKS = YES;
				GCC_OPTIMIZATION_LEVEL = 0;
				GCC_PREPROCESSOR_DEFINITIONS = (
					"DEBUG=1",
					"$(inherited)",
				);
				GCC_WARN_64_TO_32_BIT_CONVERSION = YES;
				GCC_WARN_ABOUT_RETURN_TYPE = YES_ERROR;
				GCC_WARN_UNDECLARED_SELECTOR = YES;
				GCC_WARN_UNINITIALIZED_AUTOS = YES_AGGRESSIVE;
				GCC_WARN_UNUSED_FUNCTION = YES;
				GCC_WARN_UNUSED_VARIABLE = YES;
				LOCALIZATION_PREFERS_STRING_CATALOGS = YES;
				MTL_ENABLE_DEBUG_INFO = INCLUDE_SOURCE;
				MTL_FAST_MATH = YES;
				ONLY_ACTIVE_ARCH = YES;
				SWIFT_ACTIVE_COMPILATION_CONDITIONS = "DEBUG $(inherited)";
				SWIFT_OPTIMIZATION_LEVEL = "-Onone";
			};
			name = Debug;
		};
		23DE52082B86568D00B1AA61 /* Release */ = {
			isa = XCBuildConfiguration;
			buildSettings = {
				ALWAYS_SEARCH_USER_PATHS = NO;
				ASSETCATALOG_COMPILER_GENERATE_SWIFT_ASSET_SYMBOL_EXTENSIONS = YES;
				CLANG_ANALYZER_NONNULL = YES;
				CLANG_ANALYZER_NUMBER_OBJECT_CONVERSION = YES_AGGRESSIVE;
				CLANG_CXX_LANGUAGE_STANDARD = "gnu++20";
				CLANG_ENABLE_MODULES = YES;
				CLANG_ENABLE_OBJC_ARC = YES;
				CLANG_ENABLE_OBJC_WEAK = YES;
				CLANG_WARN_BLOCK_CAPTURE_AUTORELEASING = YES;
				CLANG_WARN_BOOL_CONVERSION = YES;
				CLANG_WARN_COMMA = YES;
				CLANG_WARN_CONSTANT_CONVERSION = YES;
				CLANG_WARN_DEPRECATED_OBJC_IMPLEMENTATIONS = YES;
				CLANG_WARN_DIRECT_OBJC_ISA_USAGE = YES_ERROR;
				CLANG_WARN_DOCUMENTATION_COMMENTS = YES;
				CLANG_WARN_EMPTY_BODY = YES;
				CLANG_WARN_ENUM_CONVERSION = YES;
				CLANG_WARN_INFINITE_RECURSION = YES;
				CLANG_WARN_INT_CONVERSION = YES;
				CLANG_WARN_NON_LITERAL_NULL_CONVERSION = YES;
				CLANG_WARN_OBJC_IMPLICIT_RETAIN_SELF = YES;
				CLANG_WARN_OBJC_LITERAL_CONVERSION = YES;
				CLANG_WARN_OBJC_ROOT_CLASS = YES_ERROR;
				CLANG_WARN_QUOTED_INCLUDE_IN_FRAMEWORK_HEADER = YES;
				CLANG_WARN_RANGE_LOOP_ANALYSIS = YES;
				CLANG_WARN_STRICT_PROTOTYPES = YES;
				CLANG_WARN_SUSPICIOUS_MOVE = YES;
				CLANG_WARN_UNGUARDED_AVAILABILITY = YES_AGGRESSIVE;
				CLANG_WARN_UNREACHABLE_CODE = YES;
				CLANG_WARN__DUPLICATE_METHOD_MATCH = YES;
				COPY_PHASE_STRIP = NO;
				DEBUG_INFORMATION_FORMAT = "dwarf-with-dsym";
				ENABLE_NS_ASSERTIONS = NO;
				ENABLE_STRICT_OBJC_MSGSEND = YES;
				ENABLE_USER_SCRIPT_SANDBOXING = YES;
				GCC_C_LANGUAGE_STANDARD = gnu17;
				GCC_NO_COMMON_BLOCKS = YES;
				GCC_WARN_64_TO_32_BIT_CONVERSION = YES;
				GCC_WARN_ABOUT_RETURN_TYPE = YES_ERROR;
				GCC_WARN_UNDECLARED_SELECTOR = YES;
				GCC_WARN_UNINITIALIZED_AUTOS = YES_AGGRESSIVE;
				GCC_WARN_UNUSED_FUNCTION = YES;
				GCC_WARN_UNUSED_VARIABLE = YES;
				LOCALIZATION_PREFERS_STRING_CATALOGS = YES;
				MTL_ENABLE_DEBUG_INFO = NO;
				MTL_FAST_MATH = YES;
				SWIFT_COMPILATION_MODE = wholemodule;
			};
			name = Release;
		};
		23DE520A2B86568D00B1AA61 /* Debug */ = {
			isa = XCBuildConfiguration;
			buildSettings = {
				ASSETCATALOG_COMPILER_APPICON_NAME = AppIcon;
				ASSETCATALOG_COMPILER_GLOBAL_ACCENT_COLOR_NAME = AccentColor;
				CODE_SIGN_STYLE = Automatic;
				CURRENT_PROJECT_VERSION = 1;
				DEVELOPMENT_ASSET_PATHS = "\"IOS_WatchSample Watch App/Preview Content\"";
				DEVELOPMENT_TEAM = 4DZJGNL44Y;
				ENABLE_PREVIEWS = YES;
				GENERATE_INFOPLIST_FILE = YES;
				INFOPLIST_KEY_CFBundleDisplayName = IOS_WatchSample;
				INFOPLIST_KEY_UISupportedInterfaceOrientations = "UIInterfaceOrientationPortrait UIInterfaceOrientationPortraitUpsideDown";
				INFOPLIST_KEY_WKWatchOnly = YES;
				LD_RUNPATH_SEARCH_PATHS = (
					"$(inherited)",
					"@executable_path/Frameworks",
				);
				MARKETING_VERSION = 1.0;
				PRODUCT_BUNDLE_IDENTIFIER = "DevinGrischow.IOS-WatchSample.watchkitapp";
				PRODUCT_NAME = "$(TARGET_NAME)";
				SDKROOT = watchos;
				SKIP_INSTALL = YES;
				SWIFT_EMIT_LOC_STRINGS = YES;
				SWIFT_VERSION = 5.0;
				TARGETED_DEVICE_FAMILY = 4;
				WATCHOS_DEPLOYMENT_TARGET = 10.2;
			};
			name = Debug;
		};
		23DE520B2B86568D00B1AA61 /* Release */ = {
			isa = XCBuildConfiguration;
			buildSettings = {
				ASSETCATALOG_COMPILER_APPICON_NAME = AppIcon;
				ASSETCATALOG_COMPILER_GLOBAL_ACCENT_COLOR_NAME = AccentColor;
				CODE_SIGN_STYLE = Automatic;
				CURRENT_PROJECT_VERSION = 1;
				DEVELOPMENT_ASSET_PATHS = "\"IOS_WatchSample Watch App/Preview Content\"";
				DEVELOPMENT_TEAM = 4DZJGNL44Y;
				ENABLE_PREVIEWS = YES;
				GENERATE_INFOPLIST_FILE = YES;
				INFOPLIST_KEY_CFBundleDisplayName = IOS_WatchSample;
				INFOPLIST_KEY_UISupportedInterfaceOrientations = "UIInterfaceOrientationPortrait UIInterfaceOrientationPortraitUpsideDown";
				INFOPLIST_KEY_WKWatchOnly = YES;
				LD_RUNPATH_SEARCH_PATHS = (
					"$(inherited)",
					"@executable_path/Frameworks",
				);
				MARKETING_VERSION = 1.0;
				PRODUCT_BUNDLE_IDENTIFIER = "DevinGrischow.IOS-WatchSample.watchkitapp";
				PRODUCT_NAME = "$(TARGET_NAME)";
				SDKROOT = watchos;
				SKIP_INSTALL = YES;
				SWIFT_EMIT_LOC_STRINGS = YES;
				SWIFT_VERSION = 5.0;
				TARGETED_DEVICE_FAMILY = 4;
				VALIDATE_PRODUCT = YES;
				WATCHOS_DEPLOYMENT_TARGET = 10.2;
			};
			name = Release;
		};
		23DE520E2B86568D00B1AA61 /* Debug */ = {
			isa = XCBuildConfiguration;
			buildSettings = {
				ALWAYS_EMBED_SWIFT_STANDARD_LIBRARIES = YES;
				CODE_SIGN_STYLE = Automatic;
				CURRENT_PROJECT_VERSION = 1;
				DEVELOPMENT_TEAM = 4DZJGNL44Y;
				INFOPLIST_KEY_CFBundleDisplayName = IOS_WatchSample;
				MARKETING_VERSION = 1.0;
				PRODUCT_BUNDLE_IDENTIFIER = "DevinGrischow.IOS-WatchSample";
				PRODUCT_NAME = "$(TARGET_NAME)";
				SDKROOT = iphoneos;
				SWIFT_VERSION = 5.0;
			};
			name = Debug;
		};
		23DE520F2B86568D00B1AA61 /* Release */ = {
			isa = XCBuildConfiguration;
			buildSettings = {
				ALWAYS_EMBED_SWIFT_STANDARD_LIBRARIES = YES;
				CODE_SIGN_STYLE = Automatic;
				CURRENT_PROJECT_VERSION = 1;
				DEVELOPMENT_TEAM = 4DZJGNL44Y;
				INFOPLIST_KEY_CFBundleDisplayName = IOS_WatchSample;
				MARKETING_VERSION = 1.0;
				PRODUCT_BUNDLE_IDENTIFIER = "DevinGrischow.IOS-WatchSample";
				PRODUCT_NAME = "$(TARGET_NAME)";
				SDKROOT = iphoneos;
				SWIFT_VERSION = 5.0;
				VALIDATE_PRODUCT = YES;
			};
			name = Release;
		};
/* End XCBuildConfiguration section */

/* Begin XCConfigurationList section */
		23DE51F02B86568C00B1AA61 /* Build configuration list for PBXProject "IOS_WatchSample" */ = {
			isa = XCConfigurationList;
			buildConfigurations = (
				23DE52072B86568D00B1AA61 /* Debug */,
				23DE52082B86568D00B1AA61 /* Release */,
			);
			defaultConfigurationIsVisible = 0;
			defaultConfigurationName = Release;
		};
		23DE52092B86568D00B1AA61 /* Build configuration list for PBXNativeTarget "IOS_WatchSample Watch App" */ = {
			isa = XCConfigurationList;
			buildConfigurations = (
				23DE520A2B86568D00B1AA61 /* Debug */,
				23DE520B2B86568D00B1AA61 /* Release */,
			);
			defaultConfigurationIsVisible = 0;
			defaultConfigurationName = Release;
		};
		23DE520D2B86568D00B1AA61 /* Build configuration list for PBXNativeTarget "IOS_WatchSample" */ = {
			isa = XCConfigurationList;
			buildConfigurations = (
				23DE520E2B86568D00B1AA61 /* Debug */,
				23DE520F2B86568D00B1AA61 /* Release */,
			);
			defaultConfigurationIsVisible = 0;
			defaultConfigurationName = Release;
		};
/* End XCConfigurationList section */
	};
	rootObject = 23DE51ED2B86568C00B1AA61 /* Project object */;
}
